
Microsoft Visual Studio Solution File, Format Version 12.00
# Visual Studio Version 16
VisualStudioVersion = 16.0.30907.101
MinimumVisualStudioVersion = 10.0.40219.1
Project("{FAE04EC0-301F-11D3-BF4B-00C04F79EFBC}") = "neuro", "neuro\neuro.csproj", "{C649F5AC-BA8A-490E-BD63-3DDBEDE53E1F}"
EndProject
Global
	GlobalSection(SolutionConfigurationPlatforms) = preSolution
		Debug|Any CPU = Debug|Any CPU
		Release|Any CPU = Release|Any CPU
	EndGlobalSection
	GlobalSection(ProjectConfigurationPlatforms) = postSolution
		{C649F5AC-BA8A-490E-BD63-3DDBEDE53E1F}.Debug|Any CPU.ActiveCfg = Debug|Any CPU
		{C649F5AC-BA8A-490E-BD63-3DDBEDE53E1F}.Debug|Any CPU.Build.0 = Debug|Any CPU
		{C649F5AC-BA8A-490E-BD63-3DDBEDE53E1F}.Release|Any CPU.ActiveCfg = Release|Any CPU
		{C649F5AC-BA8A-490E-BD63-3DDBEDE53E1F}.Release|Any CPU.Build.0 = Release|Any CPU
	EndGlobalSection
	GlobalSection(SolutionProperties) = preSolution
		HideSolutionNode = FALSE
	EndGlobalSection
	GlobalSection(ExtensibilityGlobals) = postSolution
		SolutionGuid = {1C5D1B1B-2174-4973-ADA2-57DC64D2F760}
	EndGlobalSection
EndGlobal
